
Microsoft Visual Studio Solution File, Format Version 12.00
# Visual Studio Version 16
VisualStudioVersion = 16.0.31515.178
MinimumVisualStudioVersion = 10.0.40219.1
Project("{9A19103F-16F7-4668-BE54-9A1E7A4F7556}") = "CasterrLib", "CasterrLib\CasterrLib.csproj", "{B1EF0E90-DE0E-4329-9A67-9F64089D945C}"
EndProject
Project("{9A19103F-16F7-4668-BE54-9A1E7A4F7556}") = "Casterr", "Casterr\Casterr.csproj", "{E56457FE-949C-4837-B095-A618665D116D}"
EndProject
Project("{9A19103F-16F7-4668-BE54-9A1E7A4F7556}") = "CastService", "CastService\CastService.csproj", "{055C752A-A916-46D8-879C-E81236C24E55}"
EndProject
Project("{2150E333-8FDC-42A3-9474-1A3956D46DE8}") = "Solution Items", "Solution Items", "{4EFE0779-47C5-44D1-9B8F-750F6169B34E}"
	ProjectSection(SolutionItems) = preProject
		readme.md = readme.md
	EndProjectSection
EndProject
Global
	GlobalSection(SolutionConfigurationPlatforms) = preSolution
		Debug|Any CPU = Debug|Any CPU
		Release|Any CPU = Release|Any CPU
	EndGlobalSection
	GlobalSection(ProjectConfigurationPlatforms) = postSolution
		{B1EF0E90-DE0E-4329-9A67-9F64089D945C}.Debug|Any CPU.ActiveCfg = Debug|Any CPU
		{B1EF0E90-DE0E-4329-9A67-9F64089D945C}.Debug|Any CPU.Build.0 = Debug|Any CPU
		{B1EF0E90-DE0E-4329-9A67-9F64089D945C}.Release|Any CPU.ActiveCfg = Release|Any CPU
		{B1EF0E90-DE0E-4329-9A67-9F64089D945C}.Release|Any CPU.Build.0 = Release|Any CPU
		{E56457FE-949C-4837-B095-A618665D116D}.Debug|Any CPU.ActiveCfg = Debug|Any CPU
		{E56457FE-949C-4837-B095-A618665D116D}.Debug|Any CPU.Build.0 = Debug|Any CPU
		{E56457FE-949C-4837-B095-A618665D116D}.Release|Any CPU.ActiveCfg = Release|Any CPU
		{E56457FE-949C-4837-B095-A618665D116D}.Release|Any CPU.Build.0 = Release|Any CPU
		{055C752A-A916-46D8-879C-E81236C24E55}.Debug|Any CPU.ActiveCfg = Debug|Any CPU
		{055C752A-A916-46D8-879C-E81236C24E55}.Debug|Any CPU.Build.0 = Debug|Any CPU
		{055C752A-A916-46D8-879C-E81236C24E55}.Release|Any CPU.ActiveCfg = Release|Any CPU
		{055C752A-A916-46D8-879C-E81236C24E55}.Release|Any CPU.Build.0 = Release|Any CPU
	EndGlobalSection
	GlobalSection(SolutionProperties) = preSolution
		HideSolutionNode = FALSE
	EndGlobalSection
	GlobalSection(ExtensibilityGlobals) = postSolution
		SolutionGuid = {AA6A139B-D481-4585-908C-2F8916F00FB8}
	EndGlobalSection
EndGlobal
